
Microsoft Visual Studio Solution File, Format Version 12.00
# Visual Studio Version 17
VisualStudioVersion = 17.8.34330.188
MinimumVisualStudioVersion = 10.0.40219.1
Project("{9A19103F-16F7-4668-BE54-9A1E7A4F7556}") = "InclassW10", "InclassW10\InclassW10.csproj", "{883D5BA0-648D-4A63-86BB-8DA023398E1A}"
EndProject
Project("{FAE04EC0-301F-11D3-BF4B-00C04F79EFBC}") = "IShape", "IShape\IShape.csproj", "{9BB6B0D2-CEA6-4665-81D3-48C484561EA6}"
EndProject
Project("{FAE04EC0-301F-11D3-BF4B-00C04F79EFBC}") = "MyLine", "MyLine\MyLine.csproj", "{D3FA947E-1EF9-4B94-847D-CC64209E828C}"
EndProject
Project("{FAE04EC0-301F-11D3-BF4B-00C04F79EFBC}") = "MyRectangle", "MyRectangle\MyRectangle.csproj", "{26D9908E-808A-436E-9D8C-D295F5C770DB}"
EndProject
Project("{FAE04EC0-301F-11D3-BF4B-00C04F79EFBC}") = "MyEllipse", "MyEllipse\MyEllipse.csproj", "{3C5D40B5-5E5A-4375-8292-A8D68E7334DD}"
EndProject
Global
	GlobalSection(SolutionConfigurationPlatforms) = preSolution
		Debug|Any CPU = Debug|Any CPU
		Release|Any CPU = Release|Any CPU
	EndGlobalSection
	GlobalSection(ProjectConfigurationPlatforms) = postSolution
		{883D5BA0-648D-4A63-86BB-8DA023398E1A}.Debug|Any CPU.ActiveCfg = Debug|Any CPU
		{883D5BA0-648D-4A63-86BB-8DA023398E1A}.Debug|Any CPU.Build.0 = Debug|Any CPU
		{883D5BA0-648D-4A63-86BB-8DA023398E1A}.Release|Any CPU.ActiveCfg = Release|Any CPU
		{883D5BA0-648D-4A63-86BB-8DA023398E1A}.Release|Any CPU.Build.0 = Release|Any CPU
		{9BB6B0D2-CEA6-4665-81D3-48C484561EA6}.Debug|Any CPU.ActiveCfg = Debug|Any CPU
		{9BB6B0D2-CEA6-4665-81D3-48C484561EA6}.Debug|Any CPU.Build.0 = Debug|Any CPU
		{9BB6B0D2-CEA6-4665-81D3-48C484561EA6}.Release|Any CPU.ActiveCfg = Release|Any CPU
		{9BB6B0D2-CEA6-4665-81D3-48C484561EA6}.Release|Any CPU.Build.0 = Release|Any CPU
		{D3FA947E-1EF9-4B94-847D-CC64209E828C}.Debug|Any CPU.ActiveCfg = Debug|Any CPU
		{D3FA947E-1EF9-4B94-847D-CC64209E828C}.Debug|Any CPU.Build.0 = Debug|Any CPU
		{D3FA947E-1EF9-4B94-847D-CC64209E828C}.Release|Any CPU.ActiveCfg = Release|Any CPU
		{D3FA947E-1EF9-4B94-847D-CC64209E828C}.Release|Any CPU.Build.0 = Release|Any CPU
		{26D9908E-808A-436E-9D8C-D295F5C770DB}.Debug|Any CPU.ActiveCfg = Debug|Any CPU
		{26D9908E-808A-436E-9D8C-D295F5C770DB}.Debug|Any CPU.Build.0 = Debug|Any CPU
		{26D9908E-808A-436E-9D8C-D295F5C770DB}.Release|Any CPU.ActiveCfg = Release|Any CPU
		{26D9908E-808A-436E-9D8C-D295F5C770DB}.Release|Any CPU.Build.0 = Release|Any CPU
		{3C5D40B5-5E5A-4375-8292-A8D68E7334DD}.Debug|Any CPU.ActiveCfg = Debug|Any CPU
		{3C5D40B5-5E5A-4375-8292-A8D68E7334DD}.Debug|Any CPU.Build.0 = Debug|Any CPU
		{3C5D40B5-5E5A-4375-8292-A8D68E7334DD}.Release|Any CPU.ActiveCfg = Release|Any CPU
		{3C5D40B5-5E5A-4375-8292-A8D68E7334DD}.Release|Any CPU.Build.0 = Release|Any CPU
	EndGlobalSection
	GlobalSection(SolutionProperties) = preSolution
		HideSolutionNode = FALSE
	EndGlobalSection
	GlobalSection(ExtensibilityGlobals) = postSolution
		SolutionGuid = {8642615F-7021-4ABE-ADEE-29866741CF22}
	EndGlobalSection
EndGlobal
